
Microsoft Visual Studio Solution File, Format Version 12.00
# Visual Studio Version 16
VisualStudioVersion = 16.0.29306.81
MinimumVisualStudioVersion = 10.0.40219.1
Project("{9A19103F-16F7-4668-BE54-9A1E7A4F7556}") = "SPAMVC", "SPAMVC\SPAMVC.csproj", "{96F4F905-0C67-481F-AC0C-441827A075EA}"
EndProject
Global
	GlobalSection(SolutionConfigurationPlatforms) = preSolution
		Debug|Any CPU = Debug|Any CPU
		Release|Any CPU = Release|Any CPU
	EndGlobalSection
	GlobalSection(ProjectConfigurationPlatforms) = postSolution
		{96F4F905-0C67-481F-AC0C-441827A075EA}.Debug|Any CPU.ActiveCfg = Debug|Any CPU
		{96F4F905-0C67-481F-AC0C-441827A075EA}.Debug|Any CPU.Build.0 = Debug|Any CPU
		{96F4F905-0C67-481F-AC0C-441827A075EA}.Release|Any CPU.ActiveCfg = Release|Any CPU
		{96F4F905-0C67-481F-AC0C-441827A075EA}.Release|Any CPU.Build.0 = Release|Any CPU
	EndGlobalSection
	GlobalSection(SolutionProperties) = preSolution
		HideSolutionNode = FALSE
	EndGlobalSection
	GlobalSection(ExtensibilityGlobals) = postSolution
		SolutionGuid = {32ED97AD-53A2-4C71-BA72-BED94FE1907B}
	EndGlobalSection
EndGlobal
